{
  "pins" : [
    {
      "identity" : "alrdtransitxprovider",
      "kind" : "remoteSourceControl",
      "location" : "https://github.com/fengxueshi6666/ALRDTransitXProvider.git",
      "state" : {
        "revision" : "81102ca6b51f15d299886f698310085c6794cabd",
        "version" : "0.0.7"
      }
    }
  ],
  "version" : 2
}
