{
  "pins" : [
    {
      "identity" : "alrdtransitxprovider",
      "kind" : "remoteSourceControl",
      "location" : "https://github.com/fengxueshi6666/ALRDTransitXProvider.git",
      "state" : {
        "revision" : "41b154e01bdba21467e8ed54cf0da18b2a0bb031",
        "version" : "0.0.5"
      }
    },
    {
      "identity" : "openssl",
      "kind" : "remoteSourceControl",
      "location" : "https://github.com/krzyzanowskim/OpenSSL.git",
      "state" : {
        "revision" : "87f41bf9488e7dd2b0de2ab97cb3eafc7304e0e6",
        "version" : "1.1.2000"
      }
    }
  ],
  "version" : 2
}
